lockfile_version: '1'
apm_version: 0.33.0
dependencies:
- repo_url: quiram/winnow
  name: winnow
  host: github.com
  resolved_commit: 91ec34ebdfb387b2e537ebe70956f4744b2f5590
  resolved_ref: v0.9.0
  version: 0.9.0
  package_type: marketplace_plugin
  deployed_files:
  - .claude/skills/create-tasks
  - .claude/skills/create-tasks/SKILL.md
  - .claude/skills/listen-to-meeting
  - .claude/skills/listen-to-meeting/SKILL.md
  - .claude/skills/listen-to-meeting/scripts/listen.py
  - .claude/skills/listen-to-meeting/scripts/macos/SystemAudioCapture.swift
  - .claude/skills/listen-to-meeting/scripts/session.py
  - .claude/skills/listen-to-meeting/scripts/wait.py
  - .claude/skills/setup-winnow
  - .claude/skills/setup-winnow/SKILL.md
  - .claude/skills/transcribe-audio
  - .claude/skills/transcribe-audio/SKILL.md
  - .claude/skills/transcribe-audio/scripts/transcribe.py
  - .claude/skills/update-context
  - .claude/skills/update-context/SKILL.md
  - .claude/skills/winnow
  - .claude/skills/winnow-setup-audio
  - .claude/skills/winnow-setup-audio/SKILL.md
  - .claude/skills/winnow-setup-context
  - .claude/skills/winnow-setup-context/SKILL.md
  - .claude/skills/winnow-setup-tracker
  - .claude/skills/winnow-setup-tracker/SKILL.md
  - .claude/skills/winnow/SKILL.md
  deployed_file_hashes:
    .claude/skills/create-tasks/SKILL.md: sha256:e0a55b1f7f37fb8ea47d4f530b30196ded243f1df7fd6bd579b7901025e3f17b
    .claude/skills/listen-to-meeting/SKILL.md: sha256:74805ae5df70958e453af615083290dee14f4048da748683e54a4839a8e38147
    .claude/skills/listen-to-meeting/scripts/listen.py: sha256:2748badf4ce731946d01d0433d3bad0641016ae17426640480cc12ea56558447
    .claude/skills/listen-to-meeting/scripts/macos/SystemAudioCapture.swift: sha256:2bb4bdc08cc32ea7d46fd17bfd8ce5b72fc5d89f64e8e2abb57ff9bcf3b8b1c3
    .claude/skills/listen-to-meeting/scripts/session.py: sha256:1199a5709e99a49de14a0386f4cd77cbb9c6aa5f6b7159b1ddbf45d41b2ccff2
    .claude/skills/listen-to-meeting/scripts/wait.py: sha256:b768f33cb38f5a14691ec709f9c3a14384c6cd07fe67d82916a94a06a4b0ac18
    .claude/skills/setup-winnow/SKILL.md: sha256:bc4db522934f32338729b77a3e4682221979e43c1a9524bf33de64bffccdc5df
    .claude/skills/transcribe-audio/SKILL.md: sha256:ccdab5aa4f9d454c0e8041224cfda9dc6fb3ababc448bba4f103e710fa15221f
    .claude/skills/transcribe-audio/scripts/transcribe.py: sha256:458bec177d2f6ec6853ff84c6dd32c608bf63984c55fa5683a997acf792ff014
    .claude/skills/update-context/SKILL.md: sha256:84d33cb32a0176442fd4806eb6f80eb0a46dfd92740678a2804d9bc7f0ddd73f
    .claude/skills/winnow-setup-audio/SKILL.md: sha256:1ef03286f9ef5c08d4dd03a464baeabe9379b099beb0863595101feb3f0d8715
    .claude/skills/winnow-setup-context/SKILL.md: sha256:30b80109e4a83a2dd061b1a382625a1a9995580316f38e5a85ecdb66b5baf481
    .claude/skills/winnow-setup-tracker/SKILL.md: sha256:aa1fbf2e63c8e88c2923b36ade0d76d8252025cc9d84e91ac81f702545d62496
    .claude/skills/winnow/SKILL.md: sha256:3f6d3f11d71a19f9027565d8441b60478cfcd257b4dd94d2f441a92c2ba364f3
  content_hash: sha256:72e38a5144487fa266fa1723502dbe6c82109166c9c2ac5286c3f87065c7c324
  declared_license: MIT
deployments:
- kind: project-relative
  target: claude
  value: .claude/skills/create-tasks
  runtime: null
  scope: project
  owners:
  - quiram/winnow
  active_owner: quiram/winnow
  content_hash: null
- kind: project-relative
  target: claude
  value: .claude/skills/create-tasks/SKILL.md
  runtime: null
  scope: project
  owners:
  - quiram/winnow
  active_owner: quiram/winnow
  content_hash: sha256:e0a55b1f7f37fb8ea47d4f530b30196ded243f1df7fd6bd579b7901025e3f17b
- kind: project-relative
  target: claude
  value: .claude/skills/listen-to-meeting
  runtime: null
  scope: project
  owners:
  - quiram/winnow
  active_owner: quiram/winnow
  content_hash: null
- kind: project-relative
  target: claude
  value: .claude/skills/listen-to-meeting/SKILL.md
  runtime: null
  scope: project
  owners:
  - quiram/winnow
  active_owner: quiram/winnow
  content_hash: sha256:74805ae5df70958e453af615083290dee14f4048da748683e54a4839a8e38147
- kind: project-relative
  target: claude
  value: .claude/skills/listen-to-meeting/scripts/listen.py
  runtime: null
  scope: project
  owners:
  - quiram/winnow
  active_owner: quiram/winnow
  content_hash: sha256:2748badf4ce731946d01d0433d3bad0641016ae17426640480cc12ea56558447
- kind: project-relative
  target: claude
  value: .claude/skills/listen-to-meeting/scripts/macos/SystemAudioCapture.swift
  runtime: null
  scope: project
  owners:
  - quiram/winnow
  active_owner: quiram/winnow
  content_hash: sha256:2bb4bdc08cc32ea7d46fd17bfd8ce5b72fc5d89f64e8e2abb57ff9bcf3b8b1c3
- kind: project-relative
  target: claude
  value: .claude/skills/listen-to-meeting/scripts/session.py
  runtime: null
  scope: project
  owners:
  - quiram/winnow
  active_owner: quiram/winnow
  content_hash: sha256:1199a5709e99a49de14a0386f4cd77cbb9c6aa5f6b7159b1ddbf45d41b2ccff2
- kind: project-relative
  target: claude
  value: .claude/skills/listen-to-meeting/scripts/wait.py
  runtime: null
  scope: project
  owners:
  - quiram/winnow
  active_owner: quiram/winnow
  content_hash: sha256:b768f33cb38f5a14691ec709f9c3a14384c6cd07fe67d82916a94a06a4b0ac18
- kind: project-relative
  target: claude
  value: .claude/skills/setup-winnow
  runtime: null
  scope: project
  owners:
  - quiram/winnow
  active_owner: quiram/winnow
  content_hash: null
- kind: project-relative
  target: claude
  value: .claude/skills/setup-winnow/SKILL.md
  runtime: null
  scope: project
  owners:
  - quiram/winnow
  active_owner: quiram/winnow
  content_hash: sha256:bc4db522934f32338729b77a3e4682221979e43c1a9524bf33de64bffccdc5df
- kind: project-relative
  target: claude
  value: .claude/skills/transcribe-audio
  runtime: null
  scope: project
  owners:
  - quiram/winnow
  active_owner: quiram/winnow
  content_hash: null
- kind: project-relative
  target: claude
  value: .claude/skills/transcribe-audio/SKILL.md
  runtime: null
  scope: project
  owners:
  - quiram/winnow
  active_owner: quiram/winnow
  content_hash: sha256:ccdab5aa4f9d454c0e8041224cfda9dc6fb3ababc448bba4f103e710fa15221f
- kind: project-relative
  target: claude
  value: .claude/skills/transcribe-audio/scripts/transcribe.py
  runtime: null
  scope: project
  owners:
  - quiram/winnow
  active_owner: quiram/winnow
  content_hash: sha256:458bec177d2f6ec6853ff84c6dd32c608bf63984c55fa5683a997acf792ff014
- kind: project-relative
  target: claude
  value: .claude/skills/update-context
  runtime: null
  scope: project
  owners:
  - quiram/winnow
  active_owner: quiram/winnow
  content_hash: null
- kind: project-relative
  target: claude
  value: .claude/skills/update-context/SKILL.md
  runtime: null
  scope: project
  owners:
  - quiram/winnow
  active_owner: quiram/winnow
  content_hash: sha256:84d33cb32a0176442fd4806eb6f80eb0a46dfd92740678a2804d9bc7f0ddd73f
- kind: project-relative
  target: claude
  value: .claude/skills/winnow
  runtime: null
  scope: project
  owners:
  - quiram/winnow
  active_owner: quiram/winnow
  content_hash: null
- kind: project-relative
  target: claude
  value: .claude/skills/winnow-setup-audio
  runtime: null
  scope: project
  owners:
  - quiram/winnow
  active_owner: quiram/winnow
  content_hash: null
- kind: project-relative
  target: claude
  value: .claude/skills/winnow-setup-audio/SKILL.md
  runtime: null
  scope: project
  owners:
  - quiram/winnow
  active_owner: quiram/winnow
  content_hash: sha256:1ef03286f9ef5c08d4dd03a464baeabe9379b099beb0863595101feb3f0d8715
- kind: project-relative
  target: claude
  value: .claude/skills/winnow-setup-context
  runtime: null
  scope: project
  owners:
  - quiram/winnow
  active_owner: quiram/winnow
  content_hash: null
- kind: project-relative
  target: claude
  value: .claude/skills/winnow-setup-context/SKILL.md
  runtime: null
  scope: project
  owners:
  - quiram/winnow
  active_owner: quiram/winnow
  content_hash: sha256:30b80109e4a83a2dd061b1a382625a1a9995580316f38e5a85ecdb66b5baf481
- kind: project-relative
  target: claude
  value: .claude/skills/winnow-setup-tracker
  runtime: null
  scope: project
  owners:
  - quiram/winnow
  active_owner: quiram/winnow
  content_hash: null
- kind: project-relative
  target: claude
  value: .claude/skills/winnow-setup-tracker/SKILL.md
  runtime: null
  scope: project
  owners:
  - quiram/winnow
  active_owner: quiram/winnow
  content_hash: sha256:aa1fbf2e63c8e88c2923b36ade0d76d8252025cc9d84e91ac81f702545d62496
- kind: project-relative
  target: claude
  value: .claude/skills/winnow/SKILL.md
  runtime: null
  scope: project
  owners:
  - quiram/winnow
  active_owner: quiram/winnow
  content_hash: sha256:3f6d3f11d71a19f9027565d8441b60478cfcd257b4dd94d2f441a92c2ba364f3
